// !$*UTF8*$!
{
	archiveVersion = 1;
	classes = {
	};
	objectVersion = 56;
	objects = {

/* Begin PBXBuildFile section */
		A53D984628F5A2CE0000F349 /* WeatherSwiftUIPracticeApp.swift in Sources */ = {isa = PBXBuildFile; fileRef = A53D984528F5A2CE0000F349 /* WeatherSwiftUIPracticeApp.swift */; };
		A53D984828F5A2CE0000F349 /* ContentView.swift in Sources */ = {isa = PBXBuildFile; fileRef = A53D984728F5A2CE0000F349 /* ContentView.swift */; };
		A53D984A28F5A2D00000F349 /* Assets.xcassets in Resources */ = {isa = PBXBuildFile; fileRef = A53D984928F5A2D00000F349 /* Assets.xcassets */; };
		A53D984D28F5A2D00000F349 /* Preview Assets.xcassets in Resources */ = {isa = PBXBuildFile; fileRef = A53D984C28F5A2D00000F349 /* Preview Assets.xcassets */; };
		A545631428F5A4FD008DBC2F /* CityTemperatureView.swift in Sources */ = {isa = PBXBuildFile; fileRef = A545631328F5A4FD008DBC2F /* CityTemperatureView.swift */; };
		A545631628F5A790008DBC2F /* CityTemperatureDetailView.swift in Sources */ = {isa = PBXBuildFile; fileRef = A545631528F5A790008DBC2F /* CityTemperatureDetailView.swift */; };
		A545631828F5A950008DBC2F /* MainCityWeatherView.swift in Sources */ = {isa = PBXBuildFile; fileRef = A545631728F5A950008DBC2F /* MainCityWeatherView.swift */; };
		A599CD5228F5ABCA00BAFA4D /* TimeWeatherView.swift in Sources */ = {isa = PBXBuildFile; fileRef = A599CD5128F5ABCA00BAFA4D /* TimeWeatherView.swift */; };
/* End PBXBuildFile section */

/* Begin PBXFileReference section */
		A53D984228F5A2CE0000F349 /* WeatherSwiftUIPractice.app */ = {isa = PBXFileReference; explicitFileType = wrapper.application; includeInIndex = 0; path = WeatherSwiftUIPractice.app; sourceTree = BUILT_PRODUCTS_DIR; };
		A53D984528F5A2CE0000F349 /* WeatherSwiftUIPracticeApp.swift */ = {isa = PBXFileReference; lastKnownFileType = sourcecode.swift; path = WeatherSwiftUIPracticeApp.swift; sourceTree = "<group>"; };
		A53D984728F5A2CE0000F349 /* ContentView.swift */ = {isa = PBXFileReference; lastKnownFileType = sourcecode.swift; path = ContentView.swift; sourceTree = "<group>"; };
		A53D984928F5A2D00000F349 /* Assets.xcassets */ = {isa = PBXFileReference; lastKnownFileType = folder.assetcatalog; path = Assets.xcassets; sourceTree = "<group>"; };
		A53D984C28F5A2D00000F349 /* Preview Assets.xcassets */ = {isa = PBXFileReference; lastKnownFileType = folder.assetcatalog; path = "Preview Assets.xcassets"; sourceTree = "<group>"; };
		A545631328F5A4FD008DBC2F /* CityTemperatureView.swift */ = {isa = PBXFileReference; lastKnownFileType = sourcecode.swift; path = CityTemperatureView.swift; sourceTree = "<group>"; };
		A545631528F5A790008DBC2F /* CityTemperatureDetailView.swift */ = {isa = PBXFileReference; lastKnownFileType = sourcecode.swift; path = CityTemperatureDetailView.swift; sourceTree = "<group>"; };
		A545631728F5A950008DBC2F /* MainCityWeatherView.swift */ = {isa = PBXFileReference; lastKnownFileType = sourcecode.swift; path = MainCityWeatherView.swift; sourceTree = "<group>"; };
		A599CD5128F5ABCA00BAFA4D /* TimeWeatherView.swift */ = {isa = PBXFileReference; lastKnownFileType = sourcecode.swift; path = TimeWeatherView.swift; sourceTree = "<group>"; };
/* End PBXFileReference section */

/* Begin PBXFrameworksBuildPhase section */
		A53D983F28F5A2CE0000F349 /* Frameworks */ = {
			isa = PBXFrameworksBuildPhase;
			buildActionMask = 2147483647;
			files = (
			);
			runOnlyForDeploymentPostprocessing = 0;
		};
/* End PBXFrameworksBuildPhase section */

/* Begin PBXGroup section */
		A53D983928F5A2CE0000F349 = {
			isa = PBXGroup;
			children = (
				A53D984428F5A2CE0000F349 /* WeatherSwiftUIPractice */,
				A53D984328F5A2CE0000F349 /* Products */,
			);
			sourceTree = "<group>";
		};
		A53D984328F5A2CE0000F349 /* Products */ = {
			isa = PBXGroup;
			children = (
				A53D984228F5A2CE0000F349 /* WeatherSwiftUIPractice.app */,
			);
			name = Products;
			sourceTree = "<group>";
		};
		A53D984428F5A2CE0000F349 /* WeatherSwiftUIPractice */ = {
			isa = PBXGroup;
			children = (
				A599CD5028F5ABA400BAFA4D /* TimeWeather */,
				A545631228F5A4D6008DBC2F /* MainCityWeather */,
				A53D984528F5A2CE0000F349 /* WeatherSwiftUIPracticeApp.swift */,
				A53D984728F5A2CE0000F349 /* ContentView.swift */,
				A53D984928F5A2D00000F349 /* Assets.xcassets */,
				A53D984B28F5A2D00000F349 /* Preview Content */,
			);
			path = WeatherSwiftUIPractice;
			sourceTree = "<group>";
		};
		A53D984B28F5A2D00000F349 /* Preview Content */ = {
			isa = PBXGroup;
			children = (
				A53D984C28F5A2D00000F349 /* Preview Assets.xcassets */,
			);
			path = "Preview Content";
			sourceTree = "<group>";
		};
		A545631228F5A4D6008DBC2F /* MainCityWeather */ = {
			isa = PBXGroup;
			children = (
				A545631328F5A4FD008DBC2F /* CityTemperatureView.swift */,
				A545631528F5A790008DBC2F /* CityTemperatureDetailView.swift */,
				A545631728F5A950008DBC2F /* MainCityWeatherView.swift */,
			);
			path = MainCityWeather;
			sourceTree = "<group>";
		};
		A599CD5028F5ABA400BAFA4D /* TimeWeather */ = {
			isa = PBXGroup;
			children = (
				A599CD5128F5ABCA00BAFA4D /* TimeWeatherView.swift */,
			);
			path = TimeWeather;
			sourceTree = "<group>";
		};
/* End PBXGroup section */

/* Begin PBXNativeTarget section */
		A53D984128F5A2CE0000F349 /* WeatherSwiftUIPractice */ = {
			isa = PBXNativeTarget;
			buildConfigurationList = A53D985028F5A2D00000F349 /* Build configuration list for PBXNativeTarget "WeatherSwiftUIPractice" */;
			buildPhases = (
				A53D983E28F5A2CE0000F349 /* Sources */,
				A53D983F28F5A2CE0000F349 /* Frameworks */,
				A53D984028F5A2CE0000F349 /* Resources */,
			);
			buildRules = (
			);
			dependencies = (
			);
			name = WeatherSwiftUIPractice;
			productName = WeatherSwiftUIPractice;
			productReference = A53D984228F5A2CE0000F349 /* WeatherSwiftUIPractice.app */;
			productType = "com.apple.product-type.application";
		};
/* End PBXNativeTarget section */

/* Begin PBXProject section */
		A53D983A28F5A2CE0000F349 /* Project object */ = {
			isa = PBXProject;
			attributes = {
				BuildIndependentTargetsInParallel = 1;
				LastSwiftUpdateCheck = 1400;
				LastUpgradeCheck = 1400;
				TargetAttributes = {
					A53D984128F5A2CE0000F349 = {
						CreatedOnToolsVersion = 14.0;
					};
				};
			};
			buildConfigurationList = A53D983D28F5A2CE0000F349 /* Build configuration list for PBXProject "WeatherSwiftUIPractice" */;
			compatibilityVersion = "Xcode 14.0";
			developmentRegion = en;
			hasScannedForEncodings = 0;
			knownRegions = (
				en,
				Base,
			);
			mainGroup = A53D983928F5A2CE0000F349;
			productRefGroup = A53D984328F5A2CE0000F349 /* Products */;
			projectDirPath = "";
			projectRoot = "";
			targets = (
				A53D984128F5A2CE0000F349 /* WeatherSwiftUIPractice */,
			);
		};
/* End PBXProject section */

/* Begin PBXResourcesBuildPhase section */
		A53D984028F5A2CE0000F349 /* Resources */ = {
			isa = PBXResourcesBuildPhase;
			buildActionMask = 2147483647;
			files = (
				A53D984D28F5A2D00000F349 /* Preview Assets.xcassets in Resources */,
				A53D984A28F5A2D00000F349 /* Assets.xcassets in Resources */,
			);
			runOnlyForDeploymentPostprocessing = 0;
		};
/* End PBXResourcesBuildPhase section */

/* Begin PBXSourcesBuildPhase section */
		A53D983E28F5A2CE0000F349 /* Sources */ = {
			isa = PBXSourcesBuildPhase;
			buildActionMask = 2147483647;
			files = (
				A599CD5228F5ABCA00BAFA4D /* TimeWeatherView.swift in Sources */,
				A545631428F5A4FD008DBC2F /* CityTemperatureView.swift in Sources */,
				A53D984828F5A2CE0000F349 /* ContentView.swift in Sources */,
				A545631628F5A790008DBC2F /* CityTemperatureDetailView.swift in Sources */,
				A545631828F5A950008DBC2F /* MainCityWeatherView.swift in Sources */,
				A53D984628F5A2CE0000F349 /* WeatherSwiftUIPracticeApp.swift in Sources */,
			);
			runOnlyForDeploymentPostprocessing = 0;
		};
/* End PBXSourcesBuildPhase section */

/* Begin XCBuildConfiguration section */
		A53D984E28F5A2D00000F349 /* Debug */ = {
			isa = XCBuildConfiguration;
			buildSettings = {
				ALWAYS_SEARCH_USER_PATHS = NO;
				CLANG_ANALYZER_NONNULL = YES;
				CLANG_ANALYZER_NUMBER_OBJECT_CONVERSION = YES_AGGRESSIVE;
				CLANG_CXX_LANGUAGE_STANDARD = "gnu++20";
				CLANG_ENABLE_MODULES = YES;
				CLANG_ENABLE_OBJC_ARC = YES;
				CLANG_ENABLE_OBJC_WEAK = YES;
				CLANG_WARN_BLOCK_CAPTURE_AUTORELEASING = YES;
				CLANG_WARN_BOOL_CONVERSION = YES;
				CLANG_WARN_COMMA = YES;
				CLANG_WARN_CONSTANT_CONVERSION = YES;
				CLANG_WARN_DEPRECATED_OBJC_IMPLEMENTATIONS = YES;
				CLANG_WARN_DIRECT_OBJC_ISA_USAGE = YES_ERROR;
				CLANG_WARN_DOCUMENTATION_COMMENTS = YES;
				CLANG_WARN_EMPTY_BODY = YES;
				CLANG_WARN_ENUM_CONVERSION = YES;
				CLANG_WARN_INFINITE_RECURSION = YES;
				CLANG_WARN_INT_CONVERSION = YES;
				CLANG_WARN_NON_LITERAL_NULL_CONVERSION = YES;
				CLANG_WARN_OBJC_IMPLICIT_RETAIN_SELF = YES;
				CLANG_WARN_OBJC_LITERAL_CONVERSION = YES;
				CLANG_WARN_OBJC_ROOT_CLASS = YES_ERROR;
				CLANG_WARN_QUOTED_INCLUDE_IN_FRAMEWORK_HEADER = YES;
				CLANG_WARN_RANGE_LOOP_ANALYSIS = YES;
				CLANG_WARN_STRICT_PROTOTYPES = YES;
				CLANG_WARN_SUSPICIOUS_MOVE = YES;
				CLANG_WARN_UNGUARDED_AVAILABILITY = YES_AGGRESSIVE;
				CLANG_WARN_UNREACHABLE_CODE = YES;
				CLANG_WARN__DUPLICATE_METHOD_MATCH = YES;
				COPY_PHASE_STRIP = NO;
				DEBUG_INFORMATION_FORMAT = dwarf;
				ENABLE_STRICT_OBJC_MSGSEND = YES;
				ENABLE_TESTABILITY = YES;
				GCC_C_LANGUAGE_STANDARD = gnu11;
				GCC_DYNAMIC_NO_PIC = NO;
				GCC_NO_COMMON_BLOCKS = YES;
				GCC_OPTIMIZATION_LEVEL = 0;
				GCC_PREPROCESSOR_DEFINITIONS = (
					"DEBUG=1",
					"$(inherited)",
				);
				GCC_WARN_64_TO_32_BIT_CONVERSION = YES;
				GCC_WARN_ABOUT_RETURN_TYPE = YES_ERROR;
				GCC_WARN_UNDECLARED_SELECTOR = YES;
				GCC_WARN_UNINITIALIZED_AUTOS = YES_AGGRESSIVE;
				GCC_WARN_UNUSED_FUNCTION = YES;
				GCC_WARN_UNUSED_VARIABLE = YES;
				IPHONEOS_DEPLOYMENT_TARGET = 16.0;
				MTL_ENABLE_DEBUG_INFO = INCLUDE_SOURCE;
				MTL_FAST_MATH = YES;
				ONLY_ACTIVE_ARCH = YES;
				SDKROOT = iphoneos;
				SWIFT_ACTIVE_COMPILATION_CONDITIONS = DEBUG;
				SWIFT_OPTIMIZATION_LEVEL = "-Onone";
			};
			name = Debug;
		};
		A53D984F28F5A2D00000F349 /* Release */ = {
			isa = XCBuildConfiguration;
			buildSettings = {
				ALWAYS_SEARCH_USER_PATHS = NO;
				CLANG_ANALYZER_NONNULL = YES;
				CLANG_ANALYZER_NUMBER_OBJECT_CONVERSION = YES_AGGRESSIVE;
				CLANG_CXX_LANGUAGE_STANDARD = "gnu++20";
				CLANG_ENABLE_MODULES = YES;
				CLANG_ENABLE_OBJC_ARC = YES;
				CLANG_ENABLE_OBJC_WEAK = YES;
				CLANG_WARN_BLOCK_CAPTURE_AUTORELEASING = YES;
				CLANG_WARN_BOOL_CONVERSION = YES;
				CLANG_WARN_COMMA = YES;
				CLANG_WARN_CONSTANT_CONVERSION = YES;
				CLANG_WARN_DEPRECATED_OBJC_IMPLEMENTATIONS = YES;
				CLANG_WARN_DIRECT_OBJC_ISA_USAGE = YES_ERROR;
				CLANG_WARN_DOCUMENTATION_COMMENTS = YES;
				CLANG_WARN_EMPTY_BODY = YES;
				CLANG_WARN_ENUM_CONVERSION = YES;
				CLANG_WARN_INFINITE_RECURSION = YES;
				CLANG_WARN_INT_CONVERSION = YES;
				CLANG_WARN_NON_LITERAL_NULL_CONVERSION = YES;
				CLANG_WARN_OBJC_IMPLICIT_RETAIN_SELF = YES;
				CLANG_WARN_OBJC_LITERAL_CONVERSION = YES;
				CLANG_WARN_OBJC_ROOT_CLASS = YES_ERROR;
				CLANG_WARN_QUOTED_INCLUDE_IN_FRAMEWORK_HEADER = YES;
				CLANG_WARN_RANGE_LOOP_ANALYSIS = YES;
				CLANG_WARN_STRICT_PROTOTYPES = YES;
				CLANG_WARN_SUSPICIOUS_MOVE = YES;
				CLANG_WARN_UNGUARDED_AVAILABILITY = YES_AGGRESSIVE;
				CLANG_WARN_UNREACHABLE_CODE = YES;
				CLANG_WARN__DUPLICATE_METHOD_MATCH = YES;
				COPY_PHASE_STRIP = NO;
				DEBUG_INFORMATION_FORMAT = "dwarf-with-dsym";
				ENABLE_NS_ASSERTIONS = NO;
				ENABLE_STRICT_OBJC_MSGSEND = YES;
				GCC_C_LANGUAGE_STANDARD = gnu11;
				GCC_NO_COMMON_BLOCKS = YES;
				GCC_WARN_64_TO_32_BIT_CONVERSION = YES;
				GCC_WARN_ABOUT_RETURN_TYPE = YES_ERROR;
				GCC_WARN_UNDECLARED_SELECTOR = YES;
				GCC_WARN_UNINITIALIZED_AUTOS = YES_AGGRESSIVE;
				GCC_WARN_UNUSED_FUNCTION = YES;
				GCC_WARN_UNUSED_VARIABLE = YES;
				IPHONEOS_DEPLOYMENT_TARGET = 16.0;
				MTL_ENABLE_DEBUG_INFO = NO;
				MTL_FAST_MATH = YES;
				SDKROOT = iphoneos;
				SWIFT_COMPILATION_MODE = wholemodule;
				SWIFT_OPTIMIZATION_LEVEL = "-O";
				VALIDATE_PRODUCT = YES;
			};
			name = Release;
		};
		A53D985128F5A2D00000F349 /* Debug */ = {
			isa = XCBuildConfiguration;
			buildSettings = {
				ASSETCATALOG_COMPILER_APPICON_NAME = AppIcon;
				ASSETCATALOG_COMPILER_GLOBAL_ACCENT_COLOR_NAME = AccentColor;
				CODE_SIGN_STYLE = Automatic;
				CURRENT_PROJECT_VERSION = 1;
				DEVELOPMENT_ASSET_PATHS = "\"WeatherSwiftUIPractice/Preview Content\"";
				ENABLE_PREVIEWS = YES;
				GENERATE_INFOPLIST_FILE = YES;
				INFOPLIST_KEY_UIApplicationSceneManifest_Generation = YES;
				INFOPLIST_KEY_UIApplicationSupportsIndirectInputEvents = YES;
				INFOPLIST_KEY_UILaunchScreen_Generation = YES;
				INFOPLIST_KEY_UISupportedInterfaceOrientations_iPad = "UIInterfaceOrientationPortrait UIInterfaceOrientationPortraitUpsideDown UIInterfaceOrientationLandscapeLeft UIInterfaceOrientationLandscapeRight";
				INFOPLIST_KEY_UISupportedInterfaceOrientations_iPhone = "UIInterfaceOrientationPortrait UIInterfaceOrientationLandscapeLeft UIInterfaceOrientationLandscapeRight";
				LD_RUNPATH_SEARCH_PATHS = (
					"$(inherited)",
					"@executable_path/Frameworks",
				);
				MARKETING_VERSION = 1.0;
				PRODUCT_BUNDLE_IDENTIFIER = project.WeatherSwiftUIPractice;
				PRODUCT_NAME = "$(TARGET_NAME)";
				SWIFT_EMIT_LOC_STRINGS = YES;
				SWIFT_VERSION = 5.0;
				TARGETED_DEVICE_FAMILY = "1,2";
			};
			name = Debug;
		};
		A53D985228F5A2D00000F349 /* Release */ = {
			isa = XCBuildConfiguration;
			buildSettings = {
				ASSETCATALOG_COMPILER_APPICON_NAME = AppIcon;
				ASSETCATALOG_COMPILER_GLOBAL_ACCENT_COLOR_NAME = AccentColor;
				CODE_SIGN_STYLE = Automatic;
				CURRENT_PROJECT_VERSION = 1;
				DEVELOPMENT_ASSET_PATHS = "\"WeatherSwiftUIPractice/Preview Content\"";
				ENABLE_PREVIEWS = YES;
				GENERATE_INFOPLIST_FILE = YES;
				INFOPLIST_KEY_UIApplicationSceneManifest_Generation = YES;
				INFOPLIST_KEY_UIApplicationSupportsIndirectInputEvents = YES;
				INFOPLIST_KEY_UILaunchScreen_Generation = YES;
				INFOPLIST_KEY_UISupportedInterfaceOrientations_iPad = "UIInterfaceOrientationPortrait UIInterfaceOrientationPortraitUpsideDown UIInterfaceOrientationLandscapeLeft UIInterfaceOrientationLandscapeRight";
				INFOPLIST_KEY_UISupportedInterfaceOrientations_iPhone = "UIInterfaceOrientationPortrait UIInterfaceOrientationLandscapeLeft UIInterfaceOrientationLandscapeRight";
				LD_RUNPATH_SEARCH_PATHS = (
					"$(inherited)",
					"@executable_path/Frameworks",
				);
				MARKETING_VERSION = 1.0;
				PRODUCT_BUNDLE_IDENTIFIER = project.WeatherSwiftUIPractice;
				PRODUCT_NAME = "$(TARGET_NAME)";
				SWIFT_EMIT_LOC_STRINGS = YES;
				SWIFT_VERSION = 5.0;
				TARGETED_DEVICE_FAMILY = "1,2";
			};
			name = Release;
		};
/* End XCBuildConfiguration section */

/* Begin XCConfigurationList section */
		A53D983D28F5A2CE0000F349 /* Build configuration list for PBXProject "WeatherSwiftUIPractice" */ = {
			isa = XCConfigurationList;
			buildConfigurations = (
				A53D984E28F5A2D00000F349 /* Debug */,
				A53D984F28F5A2D00000F349 /* Release */,
			);
			defaultConfigurationIsVisible = 0;
			defaultConfigurationName = Release;
		};
		A53D985028F5A2D00000F349 /* Build configuration list for PBXNativeTarget "WeatherSwiftUIPractice" */ = {
			isa = XCConfigurationList;
			buildConfigurations = (
				A53D985128F5A2D00000F349 /* Debug */,
				A53D985228F5A2D00000F349 /* Release */,
			);
			defaultConfigurationIsVisible = 0;
			defaultConfigurationName = Release;
		};
/* End XCConfigurationList section */
	};
	rootObject = A53D983A28F5A2CE0000F349 /* Project object */;
}
